
Microsoft Visual Studio Solution File, Format Version 12.00
# Visual Studio Version 17
VisualStudioVersion = 17.0.31903.59
MinimumVisualStudioVersion = 10.0.40219.1
Project("{2150E333-8FDC-42A3-9474-1A3956D46DE8}") = "src", "src", "{827E0CD3-B72D-47B6-A68D-7590B98EB39B}"
EndProject
Project("{FAE04EC0-301F-11D3-BF4B-00C04F79EFBC}") = "GameCore", "src\GameCore\GameCore.csproj", "{C8BBD40C-8CDB-41E8-8770-7C23323D13DA}"
EndProject
Project("{FAE04EC0-301F-11D3-BF4B-00C04F79EFBC}") = "GameDemo", "src\GameDemo\GameDemo.csproj", "{B9354E96-D2E8-4561-8373-BB4B82DB6216}"
EndProject
Project("{FAE04EC0-301F-11D3-BF4B-00C04F79EFBC}") = "GameCore.Tests", "tests\GameCore.Tests\GameCore.Tests.csproj", "{E2866486-B22C-4FD0-BF7C-C11CDF2C4D35}"
EndProject
Project("{FAE04EC0-301F-11D3-BF4B-00C04F79EFBC}") = "GameApp", "src\GameApp\GameApp.csproj", "{87574A20-6AF6-4EC5-8C13-AE7FAAE48174}"
EndProject
Project("{2150E333-8FDC-42A3-9474-1A3956D46DE8}") = "tests", "tests", "{0AB3BF05-4346-4AA6-1389-037BE0695223}"
EndProject
Project("{FAE04EC0-301F-11D3-BF4B-00C04F79EFBC}") = "UiSmoke", "tests\UiSmoke\UiSmoke.csproj", "{A3D7ECFD-3ED5-4279-B8E0-75E2143ED154}"
EndProject
Global
	GlobalSection(SolutionConfigurationPlatforms) = preSolution
		Debug|Any CPU = Debug|Any CPU
		Debug|x64 = Debug|x64
		Debug|x86 = Debug|x86
		Release|Any CPU = Release|Any CPU
		Release|x64 = Release|x64
		Release|x86 = Release|x86
	EndGlobalSection
	GlobalSection(ProjectConfigurationPlatforms) = postSolution
		{C8BBD40C-8CDB-41E8-8770-7C23323D13DA}.Debug|Any CPU.ActiveCfg = Debug|Any CPU
		{C8BBD40C-8CDB-41E8-8770-7C23323D13DA}.Debug|Any CPU.Build.0 = Debug|Any CPU
		{C8BBD40C-8CDB-41E8-8770-7C23323D13DA}.Debug|x64.ActiveCfg = Debug|Any CPU
		{C8BBD40C-8CDB-41E8-8770-7C23323D13DA}.Debug|x64.Build.0 = Debug|Any CPU
		{C8BBD40C-8CDB-41E8-8770-7C23323D13DA}.Debug|x86.ActiveCfg = Debug|Any CPU
		{C8BBD40C-8CDB-41E8-8770-7C23323D13DA}.Debug|x86.Build.0 = Debug|Any CPU
		{C8BBD40C-8CDB-41E8-8770-7C23323D13DA}.Release|Any CPU.ActiveCfg = Release|Any CPU
		{C8BBD40C-8CDB-41E8-8770-7C23323D13DA}.Release|Any CPU.Build.0 = Release|Any CPU
		{C8BBD40C-8CDB-41E8-8770-7C23323D13DA}.Release|x64.ActiveCfg = Release|Any CPU
		{C8BBD40C-8CDB-41E8-8770-7C23323D13DA}.Release|x64.Build.0 = Release|Any CPU
		{C8BBD40C-8CDB-41E8-8770-7C23323D13DA}.Release|x86.ActiveCfg = Release|Any CPU
		{C8BBD40C-8CDB-41E8-8770-7C23323D13DA}.Release|x86.Build.0 = Release|Any CPU
		{B9354E96-D2E8-4561-8373-BB4B82DB6216}.Debug|Any CPU.ActiveCfg = Debug|Any CPU
		{B9354E96-D2E8-4561-8373-BB4B82DB6216}.Debug|Any CPU.Build.0 = Debug|Any CPU
		{B9354E96-D2E8-4561-8373-BB4B82DB6216}.Debug|x64.ActiveCfg = Debug|Any CPU
		{B9354E96-D2E8-4561-8373-BB4B82DB6216}.Debug|x64.Build.0 = Debug|Any CPU
		{B9354E96-D2E8-4561-8373-BB4B82DB6216}.Debug|x86.ActiveCfg = Debug|Any CPU
		{B9354E96-D2E8-4561-8373-BB4B82DB6216}.Debug|x86.Build.0 = Debug|Any CPU
		{B9354E96-D2E8-4561-8373-BB4B82DB6216}.Release|Any CPU.ActiveCfg = Release|Any CPU
		{B9354E96-D2E8-4561-8373-BB4B82DB6216}.Release|Any CPU.Build.0 = Release|Any CPU
		{B9354E96-D2E8-4561-8373-BB4B82DB6216}.Release|x64.ActiveCfg = Release|Any CPU
		{B9354E96-D2E8-4561-8373-BB4B82DB6216}.Release|x64.Build.0 = Release|Any CPU
		{B9354E96-D2E8-4561-8373-BB4B82DB6216}.Release|x86.ActiveCfg = Release|Any CPU
		{B9354E96-D2E8-4561-8373-BB4B82DB6216}.Release|x86.Build.0 = Release|Any CPU
		{E2866486-B22C-4FD0-BF7C-C11CDF2C4D35}.Debug|Any CPU.ActiveCfg = Debug|Any CPU
		{E2866486-B22C-4FD0-BF7C-C11CDF2C4D35}.Debug|Any CPU.Build.0 = Debug|Any CPU
		{E2866486-B22C-4FD0-BF7C-C11CDF2C4D35}.Debug|x64.ActiveCfg = Debug|Any CPU
		{E2866486-B22C-4FD0-BF7C-C11CDF2C4D35}.Debug|x64.Build.0 = Debug|Any CPU
		{E2866486-B22C-4FD0-BF7C-C11CDF2C4D35}.Debug|x86.ActiveCfg = Debug|Any CPU
		{E2866486-B22C-4FD0-BF7C-C11CDF2C4D35}.Debug|x86.Build.0 = Debug|Any CPU
		{E2866486-B22C-4FD0-BF7C-C11CDF2C4D35}.Release|Any CPU.ActiveCfg = Release|Any CPU
		{E2866486-B22C-4FD0-BF7C-C11CDF2C4D35}.Release|Any CPU.Build.0 = Release|Any CPU
		{E2866486-B22C-4FD0-BF7C-C11CDF2C4D35}.Release|x64.ActiveCfg = Release|Any CPU
		{E2866486-B22C-4FD0-BF7C-C11CDF2C4D35}.Release|x64.Build.0 = Release|Any CPU
		{E2866486-B22C-4FD0-BF7C-C11CDF2C4D35}.Release|x86.ActiveCfg = Release|Any CPU
		{E2866486-B22C-4FD0-BF7C-C11CDF2C4D35}.Release|x86.Build.0 = Release|Any CPU
		{87574A20-6AF6-4EC5-8C13-AE7FAAE48174}.Debug|Any CPU.ActiveCfg = Debug|Any CPU
		{87574A20-6AF6-4EC5-8C13-AE7FAAE48174}.Debug|Any CPU.Build.0 = Debug|Any CPU
		{87574A20-6AF6-4EC5-8C13-AE7FAAE48174}.Debug|x64.ActiveCfg = Debug|Any CPU
		{87574A20-6AF6-4EC5-8C13-AE7FAAE48174}.Debug|x64.Build.0 = Debug|Any CPU
		{87574A20-6AF6-4EC5-8C13-AE7FAAE48174}.Debug|x86.ActiveCfg = Debug|Any CPU
		{87574A20-6AF6-4EC5-8C13-AE7FAAE48174}.Debug|x86.Build.0 = Debug|Any CPU
		{87574A20-6AF6-4EC5-8C13-AE7FAAE48174}.Release|Any CPU.ActiveCfg = Release|Any CPU
		{87574A20-6AF6-4EC5-8C13-AE7FAAE48174}.Release|Any CPU.Build.0 = Release|Any CPU
		{87574A20-6AF6-4EC5-8C13-AE7FAAE48174}.Release|x64.ActiveCfg = Release|Any CPU
		{87574A20-6AF6-4EC5-8C13-AE7FAAE48174}.Release|x64.Build.0 = Release|Any CPU
		{87574A20-6AF6-4EC5-8C13-AE7FAAE48174}.Release|x86.ActiveCfg = Release|Any CPU
		{87574A20-6AF6-4EC5-8C13-AE7FAAE48174}.Release|x86.Build.0 = Release|Any CPU
		{A3D7ECFD-3ED5-4279-B8E0-75E2143ED154}.Debug|Any CPU.ActiveCfg = Debug|Any CPU
		{A3D7ECFD-3ED5-4279-B8E0-75E2143ED154}.Debug|Any CPU.Build.0 = Debug|Any CPU
		{A3D7ECFD-3ED5-4279-B8E0-75E2143ED154}.Debug|x64.ActiveCfg = Debug|Any CPU
		{A3D7ECFD-3ED5-4279-B8E0-75E2143ED154}.Debug|x64.Build.0 = Debug|Any CPU
		{A3D7ECFD-3ED5-4279-B8E0-75E2143ED154}.Debug|x86.ActiveCfg = Debug|Any CPU
		{A3D7ECFD-3ED5-4279-B8E0-75E2143ED154}.Debug|x86.Build.0 = Debug|Any CPU
		{A3D7ECFD-3ED5-4279-B8E0-75E2143ED154}.Release|Any CPU.ActiveCfg = Release|Any CPU
		{A3D7ECFD-3ED5-4279-B8E0-75E2143ED154}.Release|Any CPU.Build.0 = Release|Any CPU
		{A3D7ECFD-3ED5-4279-B8E0-75E2143ED154}.Release|x64.ActiveCfg = Release|Any CPU
		{A3D7ECFD-3ED5-4279-B8E0-75E2143ED154}.Release|x64.Build.0 = Release|Any CPU
		{A3D7ECFD-3ED5-4279-B8E0-75E2143ED154}.Release|x86.ActiveCfg = Release|Any CPU
		{A3D7ECFD-3ED5-4279-B8E0-75E2143ED154}.Release|x86.Build.0 = Release|Any CPU
	EndGlobalSection
	GlobalSection(SolutionProperties) = preSolution
		HideSolutionNode = FALSE
	EndGlobalSection
	GlobalSection(NestedProjects) = preSolution
		{C8BBD40C-8CDB-41E8-8770-7C23323D13DA} = {827E0CD3-B72D-47B6-A68D-7590B98EB39B}
		{B9354E96-D2E8-4561-8373-BB4B82DB6216} = {827E0CD3-B72D-47B6-A68D-7590B98EB39B}
		{E2866486-B22C-4FD0-BF7C-C11CDF2C4D35} = {827E0CD3-B72D-47B6-A68D-7590B98EB39B}
		{87574A20-6AF6-4EC5-8C13-AE7FAAE48174} = {827E0CD3-B72D-47B6-A68D-7590B98EB39B}
		{A3D7ECFD-3ED5-4279-B8E0-75E2143ED154} = {0AB3BF05-4346-4AA6-1389-037BE0695223}
	EndGlobalSection
EndGlobal
